# This file is generated by running "yarn install" inside your project.
# Manual changes might be lost - proceed with caution!

__metadata:
  version: 8
  cacheKey: 10

"@cspotcode/source-map-support@npm:^0.8.0":
  version: 0.8.1
  resolution: "@cspotcode/source-map-support@npm:0.8.1"
  dependencies:
    "@jridgewell/trace-mapping": "npm:0.3.9"
  checksum: 10/b6e38a1712fab242c86a241c229cf562195aad985d0564bd352ac404be583029e89e93028ffd2c251d2c407ecac5fb0cbdca94a2d5c10f29ac806ede0508b3ff
  languageName: node
  linkType: hard

"@jridgewell/resolve-uri@npm:^3.0.3":
  version: 3.1.2
  resolution: "@jridgewell/resolve-uri@npm:3.1.2"
  checksum: 10/97106439d750a409c22c8bff822d648f6a71f3aa9bc8e5129efdc36343cd3096ddc4eeb1c62d2fe48e9bdd4db37b05d4646a17114ecebd3bbcacfa2de51c3c1d
  languageName: node
  linkType: hard

"@jridgewell/sourcemap-codec@npm:^1.4.10":
  version: 1.5.0
  resolution: "@jridgewell/sourcemap-codec@npm:1.5.0"
  checksum: 10/4ed6123217569a1484419ac53f6ea0d9f3b57e5b57ab30d7c267bdb27792a27eb0e4b08e84a2680aa55cc2f2b411ffd6ec3db01c44fdc6dc43aca4b55f8374fd
  languageName: node
  linkType: hard

"@jridgewell/trace-mapping@npm:0.3.9":
  version: 0.3.9
  resolution: "@jridgewell/trace-mapping@npm:0.3.9"
  dependencies:
    "@jridgewell/resolve-uri": "npm:^3.0.3"
    "@jridgewell/sourcemap-codec": "npm:^1.4.10"
  checksum: 10/83deafb8e7a5ca98993c2c6eeaa93c270f6f647a4c0dc00deb38c9cf9b2d3b7bf15e8839540155247ef034a052c0ec4466f980bf0c9e2ab63b97d16c0cedd3ff
  languageName: node
  linkType: hard

"@tsconfig/node10@npm:^1.0.7":
  version: 1.0.11
  resolution: "@tsconfig/node10@npm:1.0.11"
  checksum: 10/51fe47d55fe1b80ec35e6e5ed30a13665fd3a531945350aa74a14a1e82875fb60b350c2f2a5e72a64831b1b6bc02acb6760c30b3738b54954ec2dea82db7a267
  languageName: node
  linkType: hard

"@tsconfig/node12@npm:^1.0.7":
  version: 1.0.11
  resolution: "@tsconfig/node12@npm:1.0.11"
  checksum: 10/5ce29a41b13e7897a58b8e2df11269c5395999e588b9a467386f99d1d26f6c77d1af2719e407621412520ea30517d718d5192a32403b8dfcc163bf33e40a338a
  languageName: node
  linkType: hard

"@tsconfig/node14@npm:^1.0.0":
  version: 1.0.3
  resolution: "@tsconfig/node14@npm:1.0.3"
  checksum: 10/19275fe80c4c8d0ad0abed6a96dbf00642e88b220b090418609c4376e1cef81bf16237bf170ad1b341452feddb8115d8dd2e5acdfdea1b27422071163dc9ba9d
  languageName: node
  linkType: hard

"@tsconfig/node16@npm:^1.0.2":
  version: 1.0.4
  resolution: "@tsconfig/node16@npm:1.0.4"
  checksum: 10/202319785901f942a6e1e476b872d421baec20cf09f4b266a1854060efbf78cde16a4d256e8bc949d31e6cd9a90f1e8ef8fb06af96a65e98338a2b6b0de0a0ff
  languageName: node
  linkType: hard

"acorn-walk@npm:^8.1.1":
  version: 8.3.4
  resolution: "acorn-walk@npm:8.3.4"
  dependencies:
    acorn: "npm:^8.11.0"
  checksum: 10/871386764e1451c637bb8ab9f76f4995d408057e9909be6fb5ad68537ae3375d85e6a6f170b98989f44ab3ff6c74ad120bc2779a3d577606e7a0cd2b4efcaf77
  languageName: node
  linkType: hard

"acorn@npm:^8.11.0, acorn@npm:^8.4.1":
  version: 8.14.0
  resolution: "acorn@npm:8.14.0"
  bin:
    acorn: bin/acorn
  checksum: 10/6df29c35556782ca9e632db461a7f97947772c6c1d5438a81f0c873a3da3a792487e83e404d1c6c25f70513e91aa18745f6eafb1fcc3a43ecd1920b21dd173d2
  languageName: node
  linkType: hard

"arg@npm:^4.1.0":
  version: 4.1.3
  resolution: "arg@npm:4.1.3"
  checksum: 10/969b491082f20cad166649fa4d2073ea9e974a4e5ac36247ca23d2e5a8b3cb12d60e9ff70a8acfe26d76566c71fd351ee5e6a9a6595157eb36f92b1fd64e1599
  languageName: node
  linkType: hard

"create-require@npm:^1.1.0":
  version: 1.1.1
  resolution: "create-require@npm:1.1.1"
  checksum: 10/a9a1503d4390d8b59ad86f4607de7870b39cad43d929813599a23714831e81c520bddf61bcdd1f8e30f05fd3a2b71ae8538e946eb2786dc65c2bbc520f692eff
  languageName: node
  linkType: hard

"cross-spawn@npm:^7.0.3":
  version: 7.0.6
  resolution: "cross-spawn@npm:7.0.6"
  dependencies:
    path-key: "npm:^3.1.0"
    shebang-command: "npm:^2.0.0"
    which: "npm:^2.0.1"
  checksum: 10/0d52657d7ae36eb130999dffff1168ec348687b48dd38e2ff59992ed916c88d328cf1d07ff4a4a10bc78de5e1c23f04b306d569e42f7a2293915c081e4dfee86
  languageName: node
  linkType: hard

"diff@npm:^4.0.1":
  version: 4.0.2
  resolution: "diff@npm:4.0.2"
  checksum: 10/ec09ec2101934ca5966355a229d77afcad5911c92e2a77413efda5455636c4cf2ce84057e2d7715227a2eeeda04255b849bd3ae3a4dd22eb22e86e76456df069
  languageName: node
  linkType: hard

"duplexer@npm:~0.1.1":
  version: 0.1.2
  resolution: "duplexer@npm:0.1.2"
  checksum: 10/62ba61a830c56801db28ff6305c7d289b6dc9f859054e8c982abd8ee0b0a14d2e9a8e7d086ffee12e868d43e2bbe8a964be55ddbd8c8957714c87373c7a4f9b0
  languageName: node
  linkType: hard

"event-stream@npm:=3.3.4":
  version: 3.3.4
  resolution: "event-stream@npm:3.3.4"
  dependencies:
    duplexer: "npm:~0.1.1"
    from: "npm:~0"
    map-stream: "npm:~0.1.0"
    pause-stream: "npm:0.0.11"
    split: "npm:0.3"
    stream-combiner: "npm:~0.0.4"
    through: "npm:~2.3.1"
  checksum: 10/48ea0e17df89ff45778c25e7111a6691401c902162823ddd7656d83fc972e75380f789f7a48f272f50fe7015420cc04f835d458560bf95e34b2c7a479570c8fb
  languageName: node
  linkType: hard

"from@npm:~0":
  version: 0.1.7
  resolution: "from@npm:0.1.7"
  checksum: 10/b85125b7890489656eb2e4f208f7654a93ec26e3aefaf3bbbcc0d496fc1941e4405834fcc9fe7333192aa2187905510ace70417bbf9ac6f6f4784a731d986939
  languageName: node
  linkType: hard

"isexe@npm:^2.0.0":
  version: 2.0.0
  resolution: "isexe@npm:2.0.0"
  checksum: 10/7c9f715c03aff08f35e98b1fadae1b9267b38f0615d501824f9743f3aab99ef10e303ce7db3f186763a0b70a19de5791ebfc854ff884d5a8c4d92211f642ec92
  languageName: node
  linkType: hard

"log4rn@workspace:.":
  version: 0.0.0-use.local
  resolution: "log4rn@workspace:."
  dependencies:
    ts-node: "npm:^10.9.2"
    tsc-watch: "npm:6.2.1"
    typescript: "npm:^5.7.3"
  languageName: unknown
  linkType: soft

"make-error@npm:^1.1.1":
  version: 1.3.6
  resolution: "make-error@npm:1.3.6"
  checksum: 10/b86e5e0e25f7f777b77fabd8e2cbf15737972869d852a22b7e73c17623928fccb826d8e46b9951501d3f20e51ad74ba8c59ed584f610526a48f8ccf88aaec402
  languageName: node
  linkType: hard

"map-stream@npm:~0.1.0":
  version: 0.1.0
  resolution: "map-stream@npm:0.1.0"
  checksum: 10/f04a07041dccdf8140a4a6613e4731e917153ee031d3c837cb32ea7d609e8fbea538c44053718772f59dd1dca0ce68a5689ad006688612ee720d78bacf5bf24d
  languageName: node
  linkType: hard

"node-cleanup@npm:^2.1.2":
  version: 2.1.2
  resolution: "node-cleanup@npm:2.1.2"
  checksum: 10/eeb831d27d734179ca6aa7504a65fa0debd7c77a883c5dbea2849fb7ed8fa0a3fe3a346926c5b1aaaf5537fd801d03da0efcf20b28385d7150276a9e8a2127a5
  languageName: node
  linkType: hard

"path-key@npm:^3.1.0":
  version: 3.1.1
  resolution: "path-key@npm:3.1.1"
  checksum: 10/55cd7a9dd4b343412a8386a743f9c746ef196e57c823d90ca3ab917f90ab9f13dd0ded27252ba49dbdfcab2b091d998bc446f6220cd3cea65db407502a740020
  languageName: node
  linkType: hard

"pause-stream@npm:0.0.11":
  version: 0.0.11
  resolution: "pause-stream@npm:0.0.11"
  dependencies:
    through: "npm:~2.3"
  checksum: 10/1407efadfe814b5c487e4b28d6139cb7e03ee5d25fbb5f89a68f2053e81f05ce6b2bec196eeb3d46ef2c856f785016d14816b0d0e3c3abd1b64311c5c20660dc
  languageName: node
  linkType: hard

"ps-tree@npm:^1.2.0":
  version: 1.2.0
  resolution: "ps-tree@npm:1.2.0"
  dependencies:
    event-stream: "npm:=3.3.4"
  bin:
    ps-tree: ./bin/ps-tree.js
  checksum: 10/0587defdc20c0768fad884623c0204c77e5228878a5cb043676b00529220ec12d9cb6a328a0580767a9909a317bff466fe4530a4676e3d145a9deb3b7fbbeef3
  languageName: node
  linkType: hard

"shebang-command@npm:^2.0.0":
  version: 2.0.0
  resolution: "shebang-command@npm:2.0.0"
  dependencies:
    shebang-regex: "npm:^3.0.0"
  checksum: 10/6b52fe87271c12968f6a054e60f6bde5f0f3d2db483a1e5c3e12d657c488a15474121a1d55cd958f6df026a54374ec38a4a963988c213b7570e1d51575cea7fa
  languageName: node
  linkType: hard

"shebang-regex@npm:^3.0.0":
  version: 3.0.0
  resolution: "shebang-regex@npm:3.0.0"
  checksum: 10/1a2bcae50de99034fcd92ad4212d8e01eedf52c7ec7830eedcf886622804fe36884278f2be8be0ea5fde3fd1c23911643a4e0f726c8685b61871c8908af01222
  languageName: node
  linkType: hard

"split@npm:0.3":
  version: 0.3.3
  resolution: "split@npm:0.3.3"
  dependencies:
    through: "npm:2"
  checksum: 10/41b397e9fedc984ee1b061780bf173ef72a4f99265ca9cbccd9765b8cc0729eeee6cdeaf70664eb3eb0823e8430db033e50a33050498d75569fc743c6964c84e
  languageName: node
  linkType: hard

"stream-combiner@npm:~0.0.4":
  version: 0.0.4
  resolution: "stream-combiner@npm:0.0.4"
  dependencies:
    duplexer: "npm:~0.1.1"
  checksum: 10/844b622cfe8b9de45a6007404f613b60aaf85200ab9862299066204242f89a7c8033b1c356c998aa6cfc630f6cd9eba119ec1c6dc1f93e245982be4a847aee7d
  languageName: node
  linkType: hard

"string-argv@npm:^0.3.1":
  version: 0.3.2
  resolution: "string-argv@npm:0.3.2"
  checksum: 10/f9d3addf887026b4b5f997a271149e93bf71efc8692e7dc0816e8807f960b18bcb9787b45beedf0f97ff459575ee389af3f189d8b649834cac602f2e857e75af
  languageName: node
  linkType: hard

"through@npm:2, through@npm:~2.3, through@npm:~2.3.1":
  version: 2.3.8
  resolution: "through@npm:2.3.8"
  checksum: 10/5da78346f70139a7d213b65a0106f3c398d6bc5301f9248b5275f420abc2c4b1e77c2abc72d218dedc28c41efb2e7c312cb76a7730d04f9c2d37d247da3f4198
  languageName: node
  linkType: hard

"ts-node@npm:^10.9.2":
  version: 10.9.2
  resolution: "ts-node@npm:10.9.2"
  dependencies:
    "@cspotcode/source-map-support": "npm:^0.8.0"
    "@tsconfig/node10": "npm:^1.0.7"
    "@tsconfig/node12": "npm:^1.0.7"
    "@tsconfig/node14": "npm:^1.0.0"
    "@tsconfig/node16": "npm:^1.0.2"
    acorn: "npm:^8.4.1"
    acorn-walk: "npm:^8.1.1"
    arg: "npm:^4.1.0"
    create-require: "npm:^1.1.0"
    diff: "npm:^4.0.1"
    make-error: "npm:^1.1.1"
    v8-compile-cache-lib: "npm:^3.0.1"
    yn: "npm:3.1.1"
  peerDependencies:
    "@swc/core": ">=1.2.50"
    "@swc/wasm": ">=1.2.50"
    "@types/node": "*"
    typescript: ">=2.7"
  peerDependenciesMeta:
    "@swc/core":
      optional: true
    "@swc/wasm":
      optional: true
  bin:
    ts-node: dist/bin.js
    ts-node-cwd: dist/bin-cwd.js
    ts-node-esm: dist/bin-esm.js
    ts-node-script: dist/bin-script.js
    ts-node-transpile-only: dist/bin-transpile.js
    ts-script: dist/bin-script-deprecated.js
  checksum: 10/a91a15b3c9f76ac462f006fa88b6bfa528130dcfb849dd7ef7f9d640832ab681e235b8a2bc58ecde42f72851cc1d5d4e22c901b0c11aa51001ea1d395074b794
  languageName: node
  linkType: hard

"tsc-watch@npm:6.2.1":
  version: 6.2.1
  resolution: "tsc-watch@npm:6.2.1"
  dependencies:
    cross-spawn: "npm:^7.0.3"
    node-cleanup: "npm:^2.1.2"
    ps-tree: "npm:^1.2.0"
    string-argv: "npm:^0.3.1"
  peerDependencies:
    typescript: "*"
  bin:
    tsc-watch: dist/lib/tsc-watch.js
  checksum: 10/ba6dfa6cb9fd2a28e892e5a51a2027166cab7f83c7921e7d7b189014e0ea10eebdc39304800d589871765ff2328178c322696e5dc504b0025a2d112a95c8b51b
  languageName: node
  linkType: hard

"typescript@npm:^5.7.3":
  version: 5.7.3
  resolution: "typescript@npm:5.7.3"
  bin:
    tsc: bin/tsc
    tsserver: bin/tsserver
  checksum: 10/6a7e556de91db3d34dc51cd2600e8e91f4c312acd8e52792f243c7818dfadb27bae677175fad6947f9c81efb6c57eb6b2d0c736f196a6ee2f1f7d57b74fc92fa
  languageName: node
  linkType: hard

"typescript@patch:typescript@npm%3A^5.7.3#optional!builtin<compat/typescript>":
  version: 5.7.3
  resolution: "typescript@patch:typescript@npm%3A5.7.3#optional!builtin<compat/typescript>::version=5.7.3&hash=5786d5"
  bin:
    tsc: bin/tsc
    tsserver: bin/tsserver
  checksum: 10/dc58d777eb4c01973f7fbf1fd808aad49a0efdf545528dab9b07d94fdcb65b8751742804c3057e9619a4627f2d9cc85547fdd49d9f4326992ad0181b49e61d81
  languageName: node
  linkType: hard

"v8-compile-cache-lib@npm:^3.0.1":
  version: 3.0.1
  resolution: "v8-compile-cache-lib@npm:3.0.1"
  checksum: 10/88d3423a52b6aaf1836be779cab12f7016d47ad8430dffba6edf766695e6d90ad4adaa3d8eeb512cc05924f3e246c4a4ca51e089dccf4402caa536b5e5be8961
  languageName: node
  linkType: hard

"which@npm:^2.0.1":
  version: 2.0.2
  resolution: "which@npm:2.0.2"
  dependencies:
    isexe: "npm:^2.0.0"
  bin:
    node-which: ./bin/node-which
  checksum: 10/4782f8a1d6b8fc12c65e968fea49f59752bf6302dc43036c3bf87da718a80710f61a062516e9764c70008b487929a73546125570acea95c5b5dcc8ac3052c70f
  languageName: node
  linkType: hard

"yn@npm:3.1.1":
  version: 3.1.1
  resolution: "yn@npm:3.1.1"
  checksum: 10/2c487b0e149e746ef48cda9f8bad10fc83693cd69d7f9dcd8be4214e985de33a29c9e24f3c0d6bcf2288427040a8947406ab27f7af67ee9456e6b84854f02dd6
  languageName: node
  linkType: hard
